{
  "name": "node-red-contrib-ui-time-scheduler",
  "version": "1.16.1",
  "lockfileVersion": 2,
  "requires": true,
  "packages": {
    "": {
      "name": "node-red-contrib-ui-time-scheduler",
      "version": "1.16.1",
      "license": "MIT",
      "dependencies": {
        "suncalc": "^1.8.0"
      }
    },
    "node_modules/suncalc": {
      "version": "1.8.0",
      "resolved": "https://registry.npmjs.org/suncalc/-/suncalc-1.8.0.tgz",
      "integrity": "sha1-HZiYEJVjB4dQ9JlKlZ5lTYdqy/U="
    }
  },
  "dependencies": {
    "suncalc": {
      "version": "1.8.0",
      "resolved": "https://registry.npmjs.org/suncalc/-/suncalc-1.8.0.tgz",
      "integrity": "sha1-HZiYEJVjB4dQ9JlKlZ5lTYdqy/U="
    }
  }
}
